PODS:
  - MarqueeLabel (4.0.5)
  - Realm (3.16.2):
    - Realm/Headers (= 3.16.2)
  - Realm/Headers (3.16.2)
  - RealmSwift (3.16.2):
    - Realm (= 3.16.2)
  - SnapKit (5.0.1)

DEPENDENCIES:
  - MarqueeLabel
  - RealmSwift
  - SnapKit

SPEC REPOS:
  https://github.com/CocoaPods/Specs.git:
    - Realm
    - RealmSwift
  trunk:
    - MarqueeLabel
    - SnapKit

SPEC CHECKSUMS:
  MarqueeLabel: 00cc0bcd087111dca575878b3531af980559707d
  Realm: 0e73b4edeb5b6a90da3d83206883b2e34e00eb38
  RealmSwift: a81e650171ef0a5f999df1ed8d39ba8d6fce88a4
  SnapKit: 97b92857e3df3a0c71833cce143274bf6ef8e5eb

PODFILE CHECKSUM: a115fe0a57464b0da1ffde397aa3a41110cdf516

COCOAPODS: 1.9.3
